# This file is automatically @generated by Cargo.
# It is not intended for manual editing.
version = 3

[[package]]
name = "autocfg"
version = "1.1.0"
source = "registry+https://github.com/rust-lang/crates.io-index"
checksum = "d468802bab17cbc0cc575e9b053f41e72aa36bfa6b7f55e3529ffa43161b97fa"

[[package]]
name = "bitflags"
version = "1.3.2"
source = "registry+https://github.com/rust-lang/crates.io-index"
checksum = "bef38d45163c2f1dde094a7dfd33ccf595c92905c8f8f4fdc18d06fb1037718a"

[[package]]
name = "blake2"
version = "0.10.6"
dependencies = [
 "digest",
 "hex-literal",
]

[[package]]
name = "blobby"
version = "0.3.1"
source = "registry+https://github.com/rust-lang/crates.io-index"
checksum = "847495c209977a90e8aad588b959d0ca9f5dc228096d29a6bd3defd53f35eaec"

[[package]]
name = "block-buffer"
version = "0.10.4"
source = "registry+https://github.com/rust-lang/crates.io-index"
checksum = "3078c7629b62d3f0439517fa394996acacc5cbc91c5a20d8c658e77abd503a71"
dependencies = [
 "generic-array",
]

[[package]]
name = "cc"
version = "1.0.83"
source = "registry+https://github.com/rust-lang/crates.io-index"
checksum = "f1174fb0b6ec23863f8b971027804a42614e347eafb0a95bf0b12cdae21fc4d0"
dependencies = [
 "libc",
]

[[package]]
name = "cfg-if"
version = "1.0.0"
source = "registry+https://github.com/rust-lang/crates.io-index"
checksum = "baf1de4339761588bc0619e3cbc0120ee582ebb74b53b4efbf79117bd2da40fd"

[[package]]
name = "const-oid"
version = "0.9.5"
source = "registry+https://github.com/rust-lang/crates.io-index"
checksum = "28c122c3980598d243d63d9a704629a2d748d101f278052ff068be5a4423ab6f"

[[package]]
name = "cpufeatures"
version = "0.2.9"
source = "registry+https://github.com/rust-lang/crates.io-index"
checksum = "a17b76ff3a4162b0b27f354a0c87015ddad39d35f9c0c36607a3bdd175dde1f1"
dependencies = [
 "libc",
]

[[package]]
name = "crypto-common"
version = "0.1.6"
source = "registry+https://github.com/rust-lang/crates.io-index"
checksum = "1bfb12502f3fc46cca1bb51ac28df9d618d813cdc3d2f25b9fe775a34af26bb3"
dependencies = [
 "generic-array",
 "typenum",
]

[[package]]
name = "digest"
version = "0.10.7"
source = "registry+https://github.com/rust-lang/crates.io-index"
checksum = "9ed9a281f7bc9b7576e61468ba615a66a5c8cfdff42420a70aa82701a3b1e292"
dependencies = [
 "blobby",
 "block-buffer",
 "const-oid",
 "crypto-common",
 "subtle",
]

[[package]]
name = "fsb"
version = "0.1.3"
dependencies = [
 "digest",
 "hex-literal",
 "whirlpool",
]

[[package]]
name = "generic-array"
version = "0.14.7"
source = "registry+https://github.com/rust-lang/crates.io-index"
checksum = "85649ca51fd72272d7821adaf274ad91c288277713d9c18820d8499a7ff69e9a"
dependencies = [
 "typenum",
 "version_check",
]

[[package]]
name = "getrandom"
version = "0.2.12"
source = "registry+https://github.com/rust-lang/crates.io-index"
checksum = "190092ea657667030ac6a35e305e62fc4dd69fd98ac98631e5d3a2b1575a12b5"
dependencies = [
 "cfg-if",
 "libc",
 "wasi",
]

[[package]]
name = "gost94"
version = "0.10.4"
dependencies = [
 "digest",
 "hex-literal",
]

[[package]]
name = "groestl"
version = "0.10.1"
dependencies = [
 "digest",
 "hex-literal",
]

[[package]]
name = "hex-literal"
version = "0.2.2"
source = "registry+https://github.com/rust-lang/crates.io-index"
checksum = "d70693199b3cf4552f3fa720b54163927a3ebed2aef240efaf556033ab336a11"
dependencies = [
 "hex-literal-impl",
 "proc-macro-hack",
]

[[package]]
name = "hex-literal-impl"
version = "0.2.3"
source = "registry+https://github.com/rust-lang/crates.io-index"
checksum = "59448fc2f82a5fb6907f78c3d69d843e82ff5b051923313cc4438cb0c7b745a8"
dependencies = [
 "proc-macro-hack",
]

[[package]]
name = "keccak"
version = "0.1.4"
source = "registry+https://github.com/rust-lang/crates.io-index"
checksum = "8f6d5ed8676d904364de097082f4e7d240b571b67989ced0240f08b7f966f940"
dependencies = [
 "cpufeatures",
]

[[package]]
name = "lazy_static"
version = "1.4.0"
source = "registry+https://github.com/rust-lang/crates.io-index"
checksum = "e2abad23fbc42b3700f2f279844dc832adb2b2eb069b2df918f455c4e18cc646"

[[package]]
name = "libc"
version = "0.2.152"
source = "registry+https://github.com/rust-lang/crates.io-index"
checksum = "13e3bf6590cbc649f4d1a3eefc9d5d6eb746f5200ffb04e5e142700b8faa56e7"

[[package]]
name = "log"
version = "0.4.20"
source = "registry+https://github.com/rust-lang/crates.io-index"
checksum = "b5e6163cb8c49088c2c36f57875e58ccd8c87c7427f7fbd50ea6710b2f3f2e8f"

[[package]]
name = "md-5"
version = "0.10.6"
dependencies = [
 "cfg-if",
 "digest",
 "hex-literal",
 "md5-asm",
]

[[package]]
name = "md2"
version = "0.10.2"
dependencies = [
 "digest",
 "hex-literal",
]

[[package]]
name = "md4"
version = "0.10.2"
dependencies = [
 "digest",
 "hex-literal",
]

[[package]]
name = "md5-asm"
version = "0.5.1"
source = "registry+https://github.com/rust-lang/crates.io-index"
checksum = "61d33bc4cdfe5c60340e282bbbee0a6e2bc57f0b9279bb3489c5004d12492e5c"
dependencies = [
 "cc",
]

[[package]]
name = "memchr"
version = "2.7.1"
source = "registry+https://github.com/rust-lang/crates.io-index"
checksum = "523dc4f511e55ab87b694dc30d0f820d60906ef06413f93d4d7a1385599cc149"

[[package]]
name = "memoffset"
version = "0.6.5"
source = "registry+https://github.com/rust-lang/crates.io-index"
checksum = "5aa361d4faea93603064a027415f07bd8e1d5c88c9fbf68bf56a285428fd79ce"
dependencies = [
 "autocfg",
]

[[package]]
name = "num-derive"
version = "0.3.3"
source = "registry+https://github.com/rust-lang/crates.io-index"
checksum = "876a53fff98e03a936a674b29568b0e605f06b29372c2489ff4de23f1949743d"
dependencies = [
 "proc-macro2",
 "quote",
 "syn",
]

[[package]]
name = "num-traits"
version = "0.2.17"
source = "registry+https://github.com/rust-lang/crates.io-index"
checksum = "39e3200413f237f41ab11ad6d161bc7239c84dcb631773ccd7de3dfe4b5c267c"
dependencies = [
 "autocfg",
]

[[package]]
name = "ppv-lite86"
version = "0.2.17"
source = "registry+https://github.com/rust-lang/crates.io-index"
checksum = "5b40af805b3121feab8a3c29f04d8ad262fa8e0561883e7653e024ae4479e6de"

[[package]]
name = "proc-macro-hack"
version = "0.5.20+deprecated"
source = "registry+https://github.com/rust-lang/crates.io-index"
checksum = "dc375e1527247fe1a97d8b7156678dfe7c1af2fc075c9a4db3690ecd2a148068"

[[package]]
name = "proc-macro2"
version = "1.0.78"
source = "registry+https://github.com/rust-lang/crates.io-index"
checksum = "e2422ad645d89c99f8f3e6b88a9fdeca7fabeac836b1002371c4367c8f984aae"
dependencies = [
 "unicode-ident",
]

[[package]]
name = "ptr_meta"
version = "0.1.4"
source = "registry+https://github.com/rust-lang/crates.io-index"
checksum = "0738ccf7ea06b608c10564b31debd4f5bc5e197fc8bfe088f68ae5ce81e7a4f1"
dependencies = [
 "ptr_meta_derive",
]

[[package]]
name = "ptr_meta_derive"
version = "0.1.4"
source = "registry+https://github.com/rust-lang/crates.io-index"
checksum = "16b845dbfca988fa33db069c0e230574d15a3088f147a87b64c7589eb662c9ac"
dependencies = [
 "proc-macro2",
 "quote",
 "syn",
]

[[package]]
name = "quick-xml"
version = "0.28.2"
source = "registry+https://github.com/rust-lang/crates.io-index"
checksum = "0ce5e73202a820a31f8a0ee32ada5e21029c81fd9e3ebf668a40832e4219d9d1"
dependencies = [
 "memchr",
]

[[package]]
name = "quote"
version = "1.0.35"
source = "registry+https://github.com/rust-lang/crates.io-index"
checksum = "291ec9ab5efd934aaf503a6466c5d5251535d108ee747472c3977cc5acc868ef"
dependencies = [
 "proc-macro2",
]

[[package]]
name = "rand"
version = "0.8.5"
source = "registry+https://github.com/rust-lang/crates.io-index"
checksum = "34af8d1a0e25924bc5b7c43c079c942339d8f0a8b57c39049bef581b46327404"
dependencies = [
 "libc",
 "rand_chacha",
 "rand_core",
]

[[package]]
name = "rand_chacha"
version = "0.3.1"
source = "registry+https://github.com/rust-lang/crates.io-index"
checksum = "e6c10a63a0fa32252be49d21e7709d4d4baf8d231c2dbce1eaa8141b9b127d88"
dependencies = [
 "ppv-lite86",
 "rand_core",
]

[[package]]
name = "rand_core"
version = "0.6.4"
source = "registry+https://github.com/rust-lang/crates.io-index"
checksum = "ec0be4795e2f6a28069bec0b5ff3e2ac9bafc99e6a9a7dc3547996c5c816922c"
dependencies = [
 "getrandom",
]

[[package]]
name = "ripemd"
version = "0.1.3"
dependencies = [
 "digest",
 "hex-literal",
]

[[package]]
name = "rkyv"
version = "0.4.3"
source = "registry+https://github.com/rust-lang/crates.io-index"
checksum = "70de01b38fe7baba4ecdd33b777096d2b326993d8ea99bc5b6ede691883d3010"
dependencies = [
 "memoffset",
 "ptr_meta",
 "rkyv_derive",
]

[[package]]
name = "rkyv_derive"
version = "0.4.0"
source = "registry+https://github.com/rust-lang/crates.io-index"
checksum = "95a169f6bc5a81033e86ed39d0f4150e2608160b73d2b93c6e8e6a3efa873f14"
dependencies = [
 "proc-macro2",
 "quote",
 "syn",
]

[[package]]
name = "sha1"
version = "0.10.6"
dependencies = [
 "cfg-if",
 "cpufeatures",
 "digest",
 "hex-literal",
 "sha1-asm",
]

[[package]]
name = "sha1-asm"
version = "0.5.2"
source = "registry+https://github.com/rust-lang/crates.io-index"
checksum = "2ba6947745e7f86be3b8af00b7355857085dbdf8901393c89514510eb61f4e21"
dependencies = [
 "cc",
]

[[package]]
name = "sha2"
version = "0.10.8"
dependencies = [
 "cfg-if",
 "cpufeatures",
 "crypto-common",
 "digest",
 "hex-literal",
 "log",
 "num-derive",
 "num-traits",
 "rand",
 "rkyv",
 "sha2-asm",
 "utralib",
 "xous",
 "xous-api-log",
 "xous-api-names",
 "xous-api-susres",
 "xous-api-ticktimer",
 "xous-ipc",
]

[[package]]
name = "sha2-asm"
version = "0.6.3"
source = "registry+https://github.com/rust-lang/crates.io-index"
checksum = "f27ba7066011e3fb30d808b51affff34f0a66d3a03a58edd787c6e420e40e44e"
dependencies = [
 "cc",
]

[[package]]
name = "sha3"
version = "0.10.8"
dependencies = [
 "digest",
 "hex-literal",
 "keccak",
 "zeroize",
]

[[package]]
name = "shabal"
version = "0.4.1"
dependencies = [
 "digest",
 "hex-literal",
]

[[package]]
name = "sm3"
version = "0.4.2"
dependencies = [
 "digest",
 "hex-literal",
]

[[package]]
name = "streebog"
version = "0.10.2"
dependencies = [
 "digest",
 "hex-literal",
]

[[package]]
name = "subtle"
version = "2.5.0"
source = "registry+https://github.com/rust-lang/crates.io-index"
checksum = "81cdd64d312baedb58e21336b31bc043b77e01cc99033ce76ef539f78e965ebc"

[[package]]
name = "svd2utra"
version = "0.1.22"
source = "registry+https://github.com/rust-lang/crates.io-index"
checksum = "c25aa8b02b722429dce9144a5de9228b90ad4867e237b97c27b770d684c3d050"
dependencies = [
 "quick-xml",
]

[[package]]
name = "syn"
version = "1.0.109"
source = "registry+https://github.com/rust-lang/crates.io-index"
checksum = "72b64191b275b66ffe2469e8af2c1cfe3bafa67b529ead792a6d0160888b4237"
dependencies = [
 "proc-macro2",
 "quote",
 "unicode-ident",
]

[[package]]
name = "tiger"
version = "0.2.1"
dependencies = [
 "digest",
 "hex-literal",
]

[[package]]
name = "typenum"
version = "1.17.0"
source = "registry+https://github.com/rust-lang/crates.io-index"
checksum = "42ff0bf0c66b8238c6f3b578df37d0b7848e55df8577b3f74f92a69acceeb825"

[[package]]
name = "unicode-ident"
version = "1.0.12"
source = "registry+https://github.com/rust-lang/crates.io-index"
checksum = "3354b9ac3fae1ff6755cb6db53683adb661634f67557942dea4facebec0fee4b"

[[package]]
name = "utralib"
version = "0.1.24"
source = "registry+https://github.com/rust-lang/crates.io-index"
checksum = "5f0f72e630285ad2b85470d3e9d1f0e880a54325084d045d7025131f6d0d1b6f"
dependencies = [
 "svd2utra",
]

[[package]]
name = "version_check"
version = "0.9.4"
source = "registry+https://github.com/rust-lang/crates.io-index"
checksum = "49874b5167b65d7193b8aba1567f5c7d93d001cafc34600cee003eda787e483f"

[[package]]
name = "wasi"
version = "0.11.0+wasi-snapshot-preview1"
source = "registry+https://github.com/rust-lang/crates.io-index"
checksum = "9c8d87e72b64a3b4db28d11ce29237c246188f4f51057d65a7eab63b7987e423"

[[package]]
name = "whirlpool"
version = "0.10.4"
dependencies = [
 "digest",
 "hex-literal",
 "whirlpool-asm",
]

[[package]]
name = "whirlpool-asm"
version = "0.6.1"
source = "registry+https://github.com/rust-lang/crates.io-index"
checksum = "62fbc33555bb368a2758340583b26fc67822da6b1b829fd9a48cca1bad2e29fe"
dependencies = [
 "cc",
]

[[package]]
name = "xous"
version = "0.9.57"
source = "registry+https://github.com/rust-lang/crates.io-index"
checksum = "129436029fe61fe1008604175a280e0a607a7a74acf48ca08773c74aae22d743"
dependencies = [
 "lazy_static",
]

[[package]]
name = "xous-api-log"
version = "0.1.53"
source = "registry+https://github.com/rust-lang/crates.io-index"
checksum = "85d3565a3ff5a8228835a273a1d3e02f5fe88c3086711d96eec6ea2067ae2980"
dependencies = [
 "log",
 "num-derive",
 "num-traits",
 "xous",
 "xous-ipc",
]

[[package]]
name = "xous-api-names"
version = "0.9.55"
source = "registry+https://github.com/rust-lang/crates.io-index"
checksum = "371e870d9fca17643bae54cb4b8389bc53358b28973d835325575e0b9efaf8f8"
dependencies = [
 "log",
 "num-derive",
 "num-traits",
 "rkyv",
 "xous",
 "xous-api-log",
 "xous-ipc",
]

[[package]]
name = "xous-api-susres"
version = "0.9.53"
source = "registry+https://github.com/rust-lang/crates.io-index"
checksum = "2fb84e28d54ff3bd7002ec9d0df3044839eee9bed659aa5589261462b5413ce7"
dependencies = [
 "log",
 "num-derive",
 "num-traits",
 "rkyv",
 "xous",
 "xous-api-log",
 "xous-api-names",
 "xous-ipc",
]

[[package]]
name = "xous-api-ticktimer"
version = "0.9.53"
source = "registry+https://github.com/rust-lang/crates.io-index"
checksum = "c91dbb8419dd180fae08200c46cb2a8d9a14e1c1447f224ed901fff006823269"
dependencies = [
 "log",
 "num-derive",
 "num-traits",
 "rkyv",
 "xous",
 "xous-api-log",
 "xous-api-names",
 "xous-api-susres",
 "xous-ipc",
 "xous-semver",
]

[[package]]
name = "xous-ipc"
version = "0.9.57"
source = "registry+https://github.com/rust-lang/crates.io-index"
checksum = "934c882aaa65bd5e2d71b11842083972356aabae0259ef7c42043d59dcd53a67"
dependencies = [
 "bitflags",
 "rkyv",
 "xous",
]

[[package]]
name = "xous-semver"
version = "0.1.2"
source = "registry+https://github.com/rust-lang/crates.io-index"
checksum = "6ed3278bb4e7be4895c1c597434e5269f7357ffb800ebc644f0398bb008a15ad"

[[package]]
name = "zeroize"
version = "1.6.0"
source = "registry+https://github.com/rust-lang/crates.io-index"
checksum = "2a0956f1ba7c7909bfb66c2e9e4124ab6f6482560f6628b5aaeba39207c9aad9"
